
Microsoft Visual Studio Solution File, Format Version 9.00
# Visual Studio 2005
Project("{8BC9CEB8-8B4A-11D0-8D11-00A0C91BC942}") = "GainExposure", "GCap_VS2005.vcproj", "{95A64988-FA72-472B-88A2-EDD9D98408C5}"
EndProject
Global
	GlobalSection(SolutionConfigurationPlatforms) = preSolution
		Debug|Win32 = Debug|Win32
		Release|Win32 = Release|Win32
	EndGlobalSection
	GlobalSection(ProjectConfigurationPlatforms) = postSolution
		{95A64988-FA72-472B-88A2-EDD9D98408C5}.Debug|Win32.ActiveCfg = Debug|Win32
		{95A64988-FA72-472B-88A2-EDD9D98408C5}.Debug|Win32.Build.0 = Debug|Win32
		{95A64988-FA72-472B-88A2-EDD9D98408C5}.Release|Win32.ActiveCfg = Release|Win32
		{95A64988-FA72-472B-88A2-EDD9D98408C5}.Release|Win32.Build.0 = Release|Win32
	EndGlobalSection
	GlobalSection(SolutionProperties) = preSolution
		HideSolutionNode = FALSE
	EndGlobalSection
EndGlobal
