<?xml version="1.0" encoding="utf-8"?>
<Project ToolsVersion="4.0" xmlns="http://schemas.microsoft.com/developer/msbuild/2003">
  <ItemGroup>
    <ClCompile Include="CustomEdit.cpp">
      <Filter>源文件</Filter>
    </ClCompile>
    <ClCompile Include="GCap.cpp">
      <Filter>源文件</Filter>
    </ClCompile>
    <ClCompile Include="DLGBARS.CPP">
      <Filter>源文件</Filter>
    </ClCompile>
    <ClCompile Include="DlgRecConf.cpp">
      <Filter>源文件</Filter>
    </ClCompile>
    <ClCompile Include="DlgRecCtr.cpp">
      <Filter>源文件</Filter>
    </ClCompile>
    <ClCompile Include="DlgSeqCtr.cpp">
      <Filter>源文件</Filter>
    </ClCompile>
    <ClCompile Include="GCapDlg.cpp">
      <Filter>源文件</Filter>
    </ClCompile>
    <ClCompile Include="iniFile.cpp">
      <Filter>源文件</Filter>
    </ClCompile>
    <ClCompile Include="ScrollZoomWin.cpp">
      <Filter>源文件</Filter>
    </ClCompile>
    <ClCompile Include="SeqConfDlg.cpp">
      <Filter>源文件</Filter>
    </ClCompile>
    <ClCompile Include="stdafx.cpp">
      <Filter>源文件</Filter>
    </ClCompile>
    <ClCompile Include="StopWatch.cpp">
      <Filter>源文件</Filter>
    </ClCompile>
  </ItemGroup>
  <ItemGroup>
    <ClInclude Include="CustomEdit.h">
      <Filter>头文件</Filter>
    </ClInclude>
    <ClInclude Include="DlgRecConf.h">
      <Filter>头文件</Filter>
    </ClInclude>
    <ClInclude Include="DlgRecCtr.h">
      <Filter>头文件</Filter>
    </ClInclude>
    <ClInclude Include="DlgSeqCtr.h">
      <Filter>头文件</Filter>
    </ClInclude>
    <ClInclude Include="GCap.h">
      <Filter>头文件</Filter>
    </ClInclude>
    <ClInclude Include="GCapDlg.h">
      <Filter>头文件</Filter>
    </ClInclude>
    <ClInclude Include="iniFile.h">
      <Filter>头文件</Filter>
    </ClInclude>
    <ClInclude Include="IniValue.h">
      <Filter>头文件</Filter>
    </ClInclude>
    <ClInclude Include="Resource.h">
      <Filter>头文件</Filter>
    </ClInclude>
    <ClInclude Include="ScrollZoomWin.h">
      <Filter>头文件</Filter>
    </ClInclude>
    <ClInclude Include="stdafx.h">
      <Filter>头文件</Filter>
    </ClInclude>
    <ClInclude Include="StopWatch.h">
      <Filter>头文件</Filter>
    </ClInclude>
    <ClInclude Include="targetver.h">
      <Filter>头文件</Filter>
    </ClInclude>
  </ItemGroup>
  <ItemGroup>
    <None Include="ReadMe.txt" />
    <None Include="res\bitmap2.bmp">
      <Filter>资源文件</Filter>
    </None>
    <None Include="res\GCap.ico">
      <Filter>资源文件</Filter>
    </None>
    <None Include="res\GCap.rc2">
      <Filter>资源文件</Filter>
    </None>
    <None Include="GCap_Simple_Chinese.aps">
      <Filter>资源文件</Filter>
    </None>
    <None Include="res\toolbar1.bmp">
      <Filter>资源文件</Filter>
    </None>
  </ItemGroup>
  <ItemGroup>
    <Filter Include="头文件">
      <UniqueIdentifier>{68d73b87-1041-4dc1-a24e-2d95626f29ec}</UniqueIdentifier>
    </Filter>
    <Filter Include="源文件">
      <UniqueIdentifier>{4f472679-4c23-492b-8a1e-1b8b086da7ab}</UniqueIdentifier>
    </Filter>
    <Filter Include="资源文件">
      <UniqueIdentifier>{84780d98-44c4-4e90-9fa9-7ffe65470592}</UniqueIdentifier>
    </Filter>
  </ItemGroup>
  <ItemGroup>
    <ResourceCompile Include="GCap_Simple_Chinese.rc">
      <Filter>资源文件</Filter>
    </ResourceCompile>
  </ItemGroup>
</Project>